
Microsoft Visual Studio Solution File, Format Version 12.00
# Visual Studio Version 17
VisualStudioVersion = 17.13.35931.197 d17.13
MinimumVisualStudioVersion = 10.0.40219.1
Project("{888888A0-9F3D-457C-B088-3A5042F75D52}") = "ASIA SERVIS - Server", "ASIA SERVIS - Server.pyproj", "{6BF0F9C1-5FA8-479B-A6D5-3E4254125804}"
EndProject
Global
	GlobalSection(SolutionConfigurationPlatforms) = preSolution
		Debug|Any CPU = Debug|Any CPU
		Release|Any CPU = Release|Any CPU
	EndGlobalSection
	GlobalSection(ProjectConfigurationPlatforms) = postSolution
		{6BF0F9C1-5FA8-479B-A6D5-3E4254125804}.Debug|Any CPU.ActiveCfg = Debug|Any CPU
		{6BF0F9C1-5FA8-479B-A6D5-3E4254125804}.Release|Any CPU.ActiveCfg = Release|Any CPU
	EndGlobalSection
	GlobalSection(SolutionProperties) = preSolution
		HideSolutionNode = FALSE
	EndGlobalSection
	GlobalSection(ExtensibilityGlobals) = postSolution
		SolutionGuid = {4D393F20-8142-424B-A1B7-F90AF36BADA6}
	EndGlobalSection
EndGlobal
